DEPENDENCIES
  opennms
    path: .
    metadata: true
  postgresql (>= 3.4.20)
  yum-centos
  yum-epel

GRAPH
  apt (2.9.2)
  build-essential (2.2.4)
  chef-sugar (3.1.1)
  hostsfile (2.4.5)
  java (1.36.0)
    apt (>= 0.0.0)
  opennms (16.2.5)
    build-essential (>= 0.0.0)
    hostsfile (>= 0.0.0)
    java (>= 0.0.0)
    yum (>= 0.0.0)
  openssl (4.4.0)
    chef-sugar (>= 3.1.1)
  postgresql (3.4.24)
    apt (>= 1.9.0)
    build-essential (>= 0.0.0)
    openssl (~> 4.0)
  yum (3.8.2)
  yum-centos (0.4.11)
    yum (~> 3.2)
  yum-epel (0.6.5)
    yum (~> 3.2)
