DEPENDENCIES
  hsflowd
    path: test/fixtures/cookbooks/hsflowd
  onms_lwrp_test
    path: test/fixtures/cookbooks/onms_lwrp_test
  opennms
    path: .
    metadata: true
  opennms-elasticsearch
    path: test/fixtures/cookbooks/opennms-elasticsearch
  opennms_helm
  oracle_java8
    path: test/fixtures/cookbooks/oracle_java8
  postgresql
    git: https://github.com/dschlenk/postgresql.git
    revision: 9815f30ac6fe4bdf688ddb799101b2e24038860d
    branch: release/6.1.2
  snmp
    path: test/fixtures/cookbooks/snmp
  yum-centos
  yum-epel

GRAPH
  apt (6.1.4)
  ark (3.1.0)
    build-essential (>= 0.0.0)
    seven_zip (>= 0.0.0)
    windows (>= 0.0.0)
  build-essential (8.0.4)
    mingw (>= 1.1)
    seven_zip (>= 0.0.0)
  chef-sugar (4.0.0)
  compat_resource (12.19.1)
  elasticsearch (4.0.1)
    apt (>= 0.0.0)
    ark (>= 0.0.0)
    chef-sugar (>= 0.0.0)
    yum (>= 0.0.0)
  homebrew (4.3.0)
  hostsfile (3.0.1)
  hsflowd (0.1.0)
  java (1.50.0)
    apt (>= 0.0.0)
    homebrew (>= 0.0.0)
    windows (>= 0.0.0)
  mingw (2.0.2)
    seven_zip (>= 0.0.0)
  onms_lwrp_test (0.1.0)
    opennms (>= 0.0.0)
  opennms (22.1.1)
    build-essential (>= 0.0.0)
    hostsfile (>= 0.0.0)
    openssl (>= 0.0.0)
    postgresql (>= 0.0.0)
  opennms-elasticsearch (0.1.0)
    elasticsearch (>= 0.0.0)
  opennms_helm (0.1.0)
  openssl (8.1.2)
  oracle_java8 (0.1.0)
    java (>= 0.0.0)
  postgresql (6.1.2)
    build-essential (>= 2.0.0)
    compat_resource (>= 12.16.3)
    openssl (>= 4.0)
  seven_zip (2.0.2)
    windows (>= 1.2.2)
  snmp (0.1.0)
  windows (4.0.1)
  yum (5.1.0)
  yum-centos (3.0.0)
  yum-epel (3.1.0)
